
Microsoft Visual Studio Solution File, Format Version 12.00
# Visual Studio Version 17
VisualStudioVersion = 17.9.34723.18
MinimumVisualStudioVersion = 10.0.40219.1
Project("{9A19103F-16F7-4668-BE54-9A1E7A4F7556}") = "Kurohtin.UI", "Kurohtin.UI\Kurohtin.UI.csproj", "{22ECAC2B-5F13-4AA9-BB2F-7F9D0EF19C9A}"
EndProject
Project("{9A19103F-16F7-4668-BE54-9A1E7A4F7556}") = "Kurohtin.Domain", "Kurohtin.Domain\Kurohtin.Domain.csproj", "{8E5ADF8A-2E19-4A93-A0DB-E30B5985906C}"
EndProject
Project("{9A19103F-16F7-4668-BE54-9A1E7A4F7556}") = "Kurohtin.API", "Kurohtin.API\Kurohtin.API.csproj", "{19470BA7-BBC1-4F3A-AF2E-5FE1F4F9CE8E}"
EndProject
Project("{9A19103F-16F7-4668-BE54-9A1E7A4F7556}") = "Kurohtin.BLAZOR", "Kurohtin.BLAZOR\Kurohtin.BLAZOR.csproj", "{335EDB3C-C0AA-4035-B722-DEF15F8D4ECA}"
EndProject
Global
	GlobalSection(SolutionConfigurationPlatforms) = preSolution
		Debug|Any CPU = Debug|Any CPU
		Release|Any CPU = Release|Any CPU
	EndGlobalSection
	GlobalSection(ProjectConfigurationPlatforms) = postSolution
		{22ECAC2B-5F13-4AA9-BB2F-7F9D0EF19C9A}.Debug|Any CPU.ActiveCfg = Debug|Any CPU
		{22ECAC2B-5F13-4AA9-BB2F-7F9D0EF19C9A}.Debug|Any CPU.Build.0 = Debug|Any CPU
		{22ECAC2B-5F13-4AA9-BB2F-7F9D0EF19C9A}.Release|Any CPU.ActiveCfg = Release|Any CPU
		{22ECAC2B-5F13-4AA9-BB2F-7F9D0EF19C9A}.Release|Any CPU.Build.0 = Release|Any CPU
		{8E5ADF8A-2E19-4A93-A0DB-E30B5985906C}.Debug|Any CPU.ActiveCfg = Debug|Any CPU
		{8E5ADF8A-2E19-4A93-A0DB-E30B5985906C}.Debug|Any CPU.Build.0 = Debug|Any CPU
		{8E5ADF8A-2E19-4A93-A0DB-E30B5985906C}.Release|Any CPU.ActiveCfg = Release|Any CPU
		{8E5ADF8A-2E19-4A93-A0DB-E30B5985906C}.Release|Any CPU.Build.0 = Release|Any CPU
		{19470BA7-BBC1-4F3A-AF2E-5FE1F4F9CE8E}.Debug|Any CPU.ActiveCfg = Debug|Any CPU
		{19470BA7-BBC1-4F3A-AF2E-5FE1F4F9CE8E}.Debug|Any CPU.Build.0 = Debug|Any CPU
		{19470BA7-BBC1-4F3A-AF2E-5FE1F4F9CE8E}.Release|Any CPU.ActiveCfg = Release|Any CPU
		{19470BA7-BBC1-4F3A-AF2E-5FE1F4F9CE8E}.Release|Any CPU.Build.0 = Release|Any CPU
		{335EDB3C-C0AA-4035-B722-DEF15F8D4ECA}.Debug|Any CPU.ActiveCfg = Debug|Any CPU
		{335EDB3C-C0AA-4035-B722-DEF15F8D4ECA}.Debug|Any CPU.Build.0 = Debug|Any CPU
		{335EDB3C-C0AA-4035-B722-DEF15F8D4ECA}.Release|Any CPU.ActiveCfg = Release|Any CPU
		{335EDB3C-C0AA-4035-B722-DEF15F8D4ECA}.Release|Any CPU.Build.0 = Release|Any CPU
	EndGlobalSection
	GlobalSection(SolutionProperties) = preSolution
		HideSolutionNode = FALSE
	EndGlobalSection
	GlobalSection(ExtensibilityGlobals) = postSolution
		SolutionGuid = {CB3379C8-E5C7-4EA2-91DB-009D1A8B9F9B}
	EndGlobalSection
EndGlobal
